
Microsoft Visual Studio Solution File, Format Version 12.00
# Visual Studio 14
VisualStudioVersion = 14.0.25420.1
MinimumVisualStudioVersion = 10.0.40219.1
Project("{FAE04EC0-301F-11D3-BF4B-00C04F79EFBC}") = "XamarinHello.Android", "XamarinHello\XamarinHello.Android\XamarinHello.Android.csproj", "{2E91BF10-64AA-4BF1-A4CC-3872D5EA9CC8}"
EndProject
Project("{FAE04EC0-301F-11D3-BF4B-00C04F79EFBC}") = "XamarinHello", "XamarinHello\XamarinHello\XamarinHello.csproj", "{84523401-F2D7-4F57-9468-394297187C3A}"
EndProject
Project("{FAE04EC0-301F-11D3-BF4B-00C04F79EFBC}") = "XamarinHello.UWP", "XamarinHello\XamarinHello.UWP\XamarinHello.UWP.csproj", "{1750ABC6-3CB3-4847-860D-86EFB6FDF477}"
EndProject
Project("{FAE04EC0-301F-11D3-BF4B-00C04F79EFBC}") = "XamarinHello.iOS", "XamarinHello\XamarinHello.iOS\XamarinHello.iOS.csproj", "{AB3A356A-87EC-4FD5-8719-16679E7BFCF9}"
EndProject
Global
	GlobalSection(SolutionConfigurationPlatforms) = preSolution
		Ad-Hoc|Any CPU = Ad-Hoc|Any CPU
		Ad-Hoc|ARM = Ad-Hoc|ARM
		Ad-Hoc|iPhone = Ad-Hoc|iPhone
		Ad-Hoc|iPhoneSimulator = Ad-Hoc|iPhoneSimulator
		Ad-Hoc|x64 = Ad-Hoc|x64
		Ad-Hoc|x86 = Ad-Hoc|x86
		AppStore|Any CPU = AppStore|Any CPU
		AppStore|ARM = AppStore|ARM
		AppStore|iPhone = AppStore|iPhone
		AppStore|iPhoneSimulator = AppStore|iPhoneSimulator
		AppStore|x64 = AppStore|x64
		AppStore|x86 = AppStore|x86
		Debug|Any CPU = Debug|Any CPU
		Debug|ARM = Debug|ARM
		Debug|iPhone = Debug|iPhone
		Debug|iPhoneSimulator = Debug|iPhoneSimulator
		Debug|x64 = Debug|x64
		Debug|x86 = Debug|x86
		Release|Any CPU = Release|Any CPU
		Release|ARM = Release|ARM
		Release|iPhone = Release|iPhone
		Release|iPhoneSimulator = Release|iPhoneSimulator
		Release|x64 = Release|x64
		Release|x86 = Release|x86
	EndGlobalSection
	GlobalSection(ProjectConfigurationPlatforms) = postSolution
		{2E91BF10-64AA-4BF1-A4CC-3872D5EA9CC8}.Ad-Hoc|Any CPU.ActiveCfg = Release|Any CPU
		{2E91BF10-64AA-4BF1-A4CC-3872D5EA9CC8}.Ad-Hoc|Any CPU.Build.0 = Release|Any CPU
		{2E91BF10-64AA-4BF1-A4CC-3872D5EA9CC8}.Ad-Hoc|Any CPU.Deploy.0 = Release|Any CPU
		{2E91BF10-64AA-4BF1-A4CC-3872D5EA9CC8}.Ad-Hoc|ARM.ActiveCfg = Release|Any CPU
		{2E91BF10-64AA-4BF1-A4CC-3872D5EA9CC8}.Ad-Hoc|ARM.Build.0 = Release|Any CPU
		{2E91BF10-64AA-4BF1-A4CC-3872D5EA9CC8}.Ad-Hoc|ARM.Deploy.0 = Release|Any CPU
		{2E91BF10-64AA-4BF1-A4CC-3872D5EA9CC8}.Ad-Hoc|iPhone.ActiveCfg = Release|Any CPU
		{2E91BF10-64AA-4BF1-A4CC-3872D5EA9CC8}.Ad-Hoc|iPhone.Build.0 = Release|Any CPU
		{2E91BF10-64AA-4BF1-A4CC-3872D5EA9CC8}.Ad-Hoc|iPhone.Deploy.0 = Release|Any CPU
		{2E91BF10-64AA-4BF1-A4CC-3872D5EA9CC8}.Ad-Hoc|iPhoneSimulator.ActiveCfg = Release|Any CPU
		{2E91BF10-64AA-4BF1-A4CC-3872D5EA9CC8}.Ad-Hoc|iPhoneSimulator.Build.0 = Release|Any CPU
		{2E91BF10-64AA-4BF1-A4CC-3872D5EA9CC8}.Ad-Hoc|iPhoneSimulator.Deploy.0 = Release|Any CPU
		{2E91BF10-64AA-4BF1-A4CC-3872D5EA9CC8}.Ad-Hoc|x64.ActiveCfg = Release|Any CPU
		{2E91BF10-64AA-4BF1-A4CC-3872D5EA9CC8}.Ad-Hoc|x64.Build.0 = Release|Any CPU
		{2E91BF10-64AA-4BF1-A4CC-3872D5EA9CC8}.Ad-Hoc|x64.Deploy.0 = Release|Any CPU
		{2E91BF10-64AA-4BF1-A4CC-3872D5EA9CC8}.Ad-Hoc|x86.ActiveCfg = Release|Any CPU
		{2E91BF10-64AA-4BF1-A4CC-3872D5EA9CC8}.Ad-Hoc|x86.Build.0 = Release|Any CPU
		{2E91BF10-64AA-4BF1-A4CC-3872D5EA9CC8}.Ad-Hoc|x86.Deploy.0 = Release|Any CPU
		{2E91BF10-64AA-4BF1-A4CC-3872D5EA9CC8}.AppStore|Any CPU.ActiveCfg = Release|Any CPU
		{2E91BF10-64AA-4BF1-A4CC-3872D5EA9CC8}.AppStore|Any CPU.Build.0 = Release|Any CPU
		{2E91BF10-64AA-4BF1-A4CC-3872D5EA9CC8}.AppStore|Any CPU.Deploy.0 = Release|Any CPU
		{2E91BF10-64AA-4BF1-A4CC-3872D5EA9CC8}.AppStore|ARM.ActiveCfg = Release|Any CPU
		{2E91BF10-64AA-4BF1-A4CC-3872D5EA9CC8}.AppStore|ARM.Build.0 = Release|Any CPU
		{2E91BF10-64AA-4BF1-A4CC-3872D5EA9CC8}.AppStore|ARM.Deploy.0 = Release|Any CPU
		{2E91BF10-64AA-4BF1-A4CC-3872D5EA9CC8}.AppStore|iPhone.ActiveCfg = Release|Any CPU
		{2E91BF10-64AA-4BF1-A4CC-3872D5EA9CC8}.AppStore|iPhone.Build.0 = Release|Any CPU
		{2E91BF10-64AA-4BF1-A4CC-3872D5EA9CC8}.AppStore|iPhone.Deploy.0 = Release|Any CPU
		{2E91BF10-64AA-4BF1-A4CC-3872D5EA9CC8}.AppStore|iPhoneSimulator.ActiveCfg = Release|Any CPU
		{2E91BF10-64AA-4BF1-A4CC-3872D5EA9CC8}.AppStore|iPhoneSimulator.Build.0 = Release|Any CPU
		{2E91BF10-64AA-4BF1-A4CC-3872D5EA9CC8}.AppStore|iPhoneSimulator.Deploy.0 = Release|Any CPU
		{2E91BF10-64AA-4BF1-A4CC-3872D5EA9CC8}.AppStore|x64.ActiveCfg = Release|Any CPU
		{2E91BF10-64AA-4BF1-A4CC-3872D5EA9CC8}.AppStore|x64.Build.0 = Release|Any CPU
		{2E91BF10-64AA-4BF1-A4CC-3872D5EA9CC8}.AppStore|x64.Deploy.0 = Release|Any CPU
		{2E91BF10-64AA-4BF1-A4CC-3872D5EA9CC8}.AppStore|x86.ActiveCfg = Release|Any CPU
		{2E91BF10-64AA-4BF1-A4CC-3872D5EA9CC8}.AppStore|x86.Build.0 = Release|Any CPU
		{2E91BF10-64AA-4BF1-A4CC-3872D5EA9CC8}.AppStore|x86.Deploy.0 = Release|Any CPU
		{2E91BF10-64AA-4BF1-A4CC-3872D5EA9CC8}.Debug|Any CPU.ActiveCfg = Debug|Any CPU
		{2E91BF10-64AA-4BF1-A4CC-3872D5EA9CC8}.Debug|Any CPU.Build.0 = Debug|Any CPU
		{2E91BF10-64AA-4BF1-A4CC-3872D5EA9CC8}.Debug|Any CPU.Deploy.0 = Debug|Any CPU
		{2E91BF10-64AA-4BF1-A4CC-3872D5EA9CC8}.Debug|ARM.ActiveCfg = Debug|Any CPU
		{2E91BF10-64AA-4BF1-A4CC-3872D5EA9CC8}.Debug|ARM.Build.0 = Debug|Any CPU
		{2E91BF10-64AA-4BF1-A4CC-3872D5EA9CC8}.Debug|ARM.Deploy.0 = Debug|Any CPU
		{2E91BF10-64AA-4BF1-A4CC-3872D5EA9CC8}.Debug|iPhone.ActiveCfg = Debug|Any CPU
		{2E91BF10-64AA-4BF1-A4CC-3872D5EA9CC8}.Debug|iPhone.Build.0 = Debug|Any CPU
		{2E91BF10-64AA-4BF1-A4CC-3872D5EA9CC8}.Debug|iPhone.Deploy.0 = Debug|Any CPU
		{2E91BF10-64AA-4BF1-A4CC-3872D5EA9CC8}.Debug|iPhoneSimulator.ActiveCfg = Debug|Any CPU
		{2E91BF10-64AA-4BF1-A4CC-3872D5EA9CC8}.Debug|iPhoneSimulator.Build.0 = Debug|Any CPU
		{2E91BF10-64AA-4BF1-A4CC-3872D5EA9CC8}.Debug|iPhoneSimulator.Deploy.0 = Debug|Any CPU
		{2E91BF10-64AA-4BF1-A4CC-3872D5EA9CC8}.Debug|x64.ActiveCfg = Debug|Any CPU
		{2E91BF10-64AA-4BF1-A4CC-3872D5EA9CC8}.Debug|x64.Build.0 = Debug|Any CPU
		{2E91BF10-64AA-4BF1-A4CC-3872D5EA9CC8}.Debug|x64.Deploy.0 = Debug|Any CPU
		{2E91BF10-64AA-4BF1-A4CC-3872D5EA9CC8}.Debug|x86.ActiveCfg = Debug|Any CPU
		{2E91BF10-64AA-4BF1-A4CC-3872D5EA9CC8}.Debug|x86.Build.0 = Debug|Any CPU
		{2E91BF10-64AA-4BF1-A4CC-3872D5EA9CC8}.Debug|x86.Deploy.0 = Debug|Any CPU
		{2E91BF10-64AA-4BF1-A4CC-3872D5EA9CC8}.Release|Any CPU.ActiveCfg = Release|Any CPU
		{2E91BF10-64AA-4BF1-A4CC-3872D5EA9CC8}.Release|Any CPU.Build.0 = Release|Any CPU
		{2E91BF10-64AA-4BF1-A4CC-3872D5EA9CC8}.Release|Any CPU.Deploy.0 = Release|Any CPU
		{2E91BF10-64AA-4BF1-A4CC-3872D5EA9CC8}.Release|ARM.ActiveCfg = Release|Any CPU
		{2E91BF10-64AA-4BF1-A4CC-3872D5EA9CC8}.Release|ARM.Build.0 = Release|Any CPU
		{2E91BF10-64AA-4BF1-A4CC-3872D5EA9CC8}.Release|ARM.Deploy.0 = Release|Any CPU
		{2E91BF10-64AA-4BF1-A4CC-3872D5EA9CC8}.Release|iPhone.ActiveCfg = Release|Any CPU
		{2E91BF10-64AA-4BF1-A4CC-3872D5EA9CC8}.Release|iPhone.Build.0 = Release|Any CPU
		{2E91BF10-64AA-4BF1-A4CC-3872D5EA9CC8}.Release|iPhone.Deploy.0 = Release|Any CPU
		{2E91BF10-64AA-4BF1-A4CC-3872D5EA9CC8}.Release|iPhoneSimulator.ActiveCfg = Release|Any CPU
		{2E91BF10-64AA-4BF1-A4CC-3872D5EA9CC8}.Release|iPhoneSimulator.Build.0 = Release|Any CPU
		{2E91BF10-64AA-4BF1-A4CC-3872D5EA9CC8}.Release|iPhoneSimulator.Deploy.0 = Release|Any CPU
		{2E91BF10-64AA-4BF1-A4CC-3872D5EA9CC8}.Release|x64.ActiveCfg = Release|Any CPU
		{2E91BF10-64AA-4BF1-A4CC-3872D5EA9CC8}.Release|x64.Build.0 = Release|Any CPU
		{2E91BF10-64AA-4BF1-A4CC-3872D5EA9CC8}.Release|x64.Deploy.0 = Release|Any CPU
		{2E91BF10-64AA-4BF1-A4CC-3872D5EA9CC8}.Release|x86.ActiveCfg = Release|Any CPU
		{2E91BF10-64AA-4BF1-A4CC-3872D5EA9CC8}.Release|x86.Build.0 = Release|Any CPU
		{2E91BF10-64AA-4BF1-A4CC-3872D5EA9CC8}.Release|x86.Deploy.0 = Release|Any CPU
		{84523401-F2D7-4F57-9468-394297187C3A}.Ad-Hoc|Any CPU.ActiveCfg = Release|Any CPU
		{84523401-F2D7-4F57-9468-394297187C3A}.Ad-Hoc|Any CPU.Build.0 = Release|Any CPU
		{84523401-F2D7-4F57-9468-394297187C3A}.Ad-Hoc|ARM.ActiveCfg = Release|Any CPU
		{84523401-F2D7-4F57-9468-394297187C3A}.Ad-Hoc|ARM.Build.0 = Release|Any CPU
		{84523401-F2D7-4F57-9468-394297187C3A}.Ad-Hoc|iPhone.ActiveCfg = Release|Any CPU
		{84523401-F2D7-4F57-9468-394297187C3A}.Ad-Hoc|iPhone.Build.0 = Release|Any CPU
		{84523401-F2D7-4F57-9468-394297187C3A}.Ad-Hoc|iPhoneSimulator.ActiveCfg = Release|Any CPU
		{84523401-F2D7-4F57-9468-394297187C3A}.Ad-Hoc|iPhoneSimulator.Build.0 = Release|Any CPU
		{84523401-F2D7-4F57-9468-394297187C3A}.Ad-Hoc|x64.ActiveCfg = Release|Any CPU
		{84523401-F2D7-4F57-9468-394297187C3A}.Ad-Hoc|x64.Build.0 = Release|Any CPU
		{84523401-F2D7-4F57-9468-394297187C3A}.Ad-Hoc|x86.ActiveCfg = Release|Any CPU
		{84523401-F2D7-4F57-9468-394297187C3A}.Ad-Hoc|x86.Build.0 = Release|Any CPU
		{84523401-F2D7-4F57-9468-394297187C3A}.AppStore|Any CPU.ActiveCfg = Release|Any CPU
		{84523401-F2D7-4F57-9468-394297187C3A}.AppStore|Any CPU.Build.0 = Release|Any CPU
		{84523401-F2D7-4F57-9468-394297187C3A}.AppStore|ARM.ActiveCfg = Release|Any CPU
		{84523401-F2D7-4F57-9468-394297187C3A}.AppStore|ARM.Build.0 = Release|Any CPU
		{84523401-F2D7-4F57-9468-394297187C3A}.AppStore|iPhone.ActiveCfg = Release|Any CPU
		{84523401-F2D7-4F57-9468-394297187C3A}.AppStore|iPhone.Build.0 = Release|Any CPU
		{84523401-F2D7-4F57-9468-394297187C3A}.AppStore|iPhoneSimulator.ActiveCfg = Release|Any CPU
		{84523401-F2D7-4F57-9468-394297187C3A}.AppStore|iPhoneSimulator.Build.0 = Release|Any CPU
		{84523401-F2D7-4F57-9468-394297187C3A}.AppStore|x64.ActiveCfg = Release|Any CPU
		{84523401-F2D7-4F57-9468-394297187C3A}.AppStore|x64.Build.0 = Release|Any CPU
		{84523401-F2D7-4F57-9468-394297187C3A}.AppStore|x86.ActiveCfg = Release|Any CPU
		{84523401-F2D7-4F57-9468-394297187C3A}.AppStore|x86.Build.0 = Release|Any CPU
		{84523401-F2D7-4F57-9468-394297187C3A}.Debug|Any CPU.ActiveCfg = Debug|Any CPU
		{84523401-F2D7-4F57-9468-394297187C3A}.Debug|Any CPU.Build.0 = Debug|Any CPU
		{84523401-F2D7-4F57-9468-394297187C3A}.Debug|ARM.ActiveCfg = Debug|Any CPU
		{84523401-F2D7-4F57-9468-394297187C3A}.Debug|ARM.Build.0 = Debug|Any CPU
		{84523401-F2D7-4F57-9468-394297187C3A}.Debug|iPhone.ActiveCfg = Debug|Any CPU
		{84523401-F2D7-4F57-9468-394297187C3A}.Debug|iPhone.Build.0 = Debug|Any CPU
		{84523401-F2D7-4F57-9468-394297187C3A}.Debug|iPhoneSimulator.ActiveCfg = Debug|Any CPU
		{84523401-F2D7-4F57-9468-394297187C3A}.Debug|iPhoneSimulator.Build.0 = Debug|Any CPU
		{84523401-F2D7-4F57-9468-394297187C3A}.Debug|x64.ActiveCfg = Debug|Any CPU
		{84523401-F2D7-4F57-9468-394297187C3A}.Debug|x64.Build.0 = Debug|Any CPU
		{84523401-F2D7-4F57-9468-394297187C3A}.Debug|x86.ActiveCfg = Debug|Any CPU
		{84523401-F2D7-4F57-9468-394297187C3A}.Debug|x86.Build.0 = Debug|Any CPU
		{84523401-F2D7-4F57-9468-394297187C3A}.Release|Any CPU.ActiveCfg = Release|Any CPU
		{84523401-F2D7-4F57-9468-394297187C3A}.Release|Any CPU.Build.0 = Release|Any CPU
		{84523401-F2D7-4F57-9468-394297187C3A}.Release|ARM.ActiveCfg = Release|Any CPU
		{84523401-F2D7-4F57-9468-394297187C3A}.Release|ARM.Build.0 = Release|Any CPU
		{84523401-F2D7-4F57-9468-394297187C3A}.Release|iPhone.ActiveCfg = Release|Any CPU
		{84523401-F2D7-4F57-9468-394297187C3A}.Release|iPhone.Build.0 = Release|Any CPU
		{84523401-F2D7-4F57-9468-394297187C3A}.Release|iPhoneSimulator.ActiveCfg = Release|Any CPU
		{84523401-F2D7-4F57-9468-394297187C3A}.Release|iPhoneSimulator.Build.0 = Release|Any CPU
		{84523401-F2D7-4F57-9468-394297187C3A}.Release|x64.ActiveCfg = Release|Any CPU
		{84523401-F2D7-4F57-9468-394297187C3A}.Release|x64.Build.0 = Release|Any CPU
		{84523401-F2D7-4F57-9468-394297187C3A}.Release|x86.ActiveCfg = Release|Any CPU
		{84523401-F2D7-4F57-9468-394297187C3A}.Release|x86.Build.0 = Release|Any CPU
		{1750ABC6-3CB3-4847-860D-86EFB6FDF477}.Ad-Hoc|Any CPU.ActiveCfg = Release|x86
		{1750ABC6-3CB3-4847-860D-86EFB6FDF477}.Ad-Hoc|Any CPU.Build.0 = Release|x86
		{1750ABC6-3CB3-4847-860D-86EFB6FDF477}.Ad-Hoc|Any CPU.Deploy.0 = Release|x86
		{1750ABC6-3CB3-4847-860D-86EFB6FDF477}.Ad-Hoc|ARM.ActiveCfg = Release|ARM
		{1750ABC6-3CB3-4847-860D-86EFB6FDF477}.Ad-Hoc|ARM.Build.0 = Release|ARM
		{1750ABC6-3CB3-4847-860D-86EFB6FDF477}.Ad-Hoc|ARM.Deploy.0 = Release|ARM
		{1750ABC6-3CB3-4847-860D-86EFB6FDF477}.Ad-Hoc|iPhone.ActiveCfg = Release|x86
		{1750ABC6-3CB3-4847-860D-86EFB6FDF477}.Ad-Hoc|iPhone.Build.0 = Release|x86
		{1750ABC6-3CB3-4847-860D-86EFB6FDF477}.Ad-Hoc|iPhone.Deploy.0 = Release|x86
		{1750ABC6-3CB3-4847-860D-86EFB6FDF477}.Ad-Hoc|iPhoneSimulator.ActiveCfg = Release|x86
		{1750ABC6-3CB3-4847-860D-86EFB6FDF477}.Ad-Hoc|iPhoneSimulator.Build.0 = Release|x86
		{1750ABC6-3CB3-4847-860D-86EFB6FDF477}.Ad-Hoc|iPhoneSimulator.Deploy.0 = Release|x86
		{1750ABC6-3CB3-4847-860D-86EFB6FDF477}.Ad-Hoc|x64.ActiveCfg = Release|x64
		{1750ABC6-3CB3-4847-860D-86EFB6FDF477}.Ad-Hoc|x64.Build.0 = Release|x64
		{1750ABC6-3CB3-4847-860D-86EFB6FDF477}.Ad-Hoc|x64.Deploy.0 = Release|x64
		{1750ABC6-3CB3-4847-860D-86EFB6FDF477}.Ad-Hoc|x86.ActiveCfg = Release|x86
		{1750ABC6-3CB3-4847-860D-86EFB6FDF477}.Ad-Hoc|x86.Build.0 = Release|x86
		{1750ABC6-3CB3-4847-860D-86EFB6FDF477}.Ad-Hoc|x86.Deploy.0 = Release|x86
		{1750ABC6-3CB3-4847-860D-86EFB6FDF477}.AppStore|Any CPU.ActiveCfg = Release|x86
		{1750ABC6-3CB3-4847-860D-86EFB6FDF477}.AppStore|Any CPU.Build.0 = Release|x86
		{1750ABC6-3CB3-4847-860D-86EFB6FDF477}.AppStore|Any CPU.Deploy.0 = Release|x86
		{1750ABC6-3CB3-4847-860D-86EFB6FDF477}.AppStore|ARM.ActiveCfg = Release|ARM
		{1750ABC6-3CB3-4847-860D-86EFB6FDF477}.AppStore|ARM.Build.0 = Release|ARM
		{1750ABC6-3CB3-4847-860D-86EFB6FDF477}.AppStore|ARM.Deploy.0 = Release|ARM
		{1750ABC6-3CB3-4847-860D-86EFB6FDF477}.AppStore|iPhone.ActiveCfg = Release|x86
		{1750ABC6-3CB3-4847-860D-86EFB6FDF477}.AppStore|iPhone.Build.0 = Release|x86
		{1750ABC6-3CB3-4847-860D-86EFB6FDF477}.AppStore|iPhone.Deploy.0 = Release|x86
		{1750ABC6-3CB3-4847-860D-86EFB6FDF477}.AppStore|iPhoneSimulator.ActiveCfg = Release|x86
		{1750ABC6-3CB3-4847-860D-86EFB6FDF477}.AppStore|iPhoneSimulator.Build.0 = Release|x86
		{1750ABC6-3CB3-4847-860D-86EFB6FDF477}.AppStore|iPhoneSimulator.Deploy.0 = Release|x86
		{1750ABC6-3CB3-4847-860D-86EFB6FDF477}.AppStore|x64.ActiveCfg = Release|x64
		{1750ABC6-3CB3-4847-860D-86EFB6FDF477}.AppStore|x64.Build.0 = Release|x64
		{1750ABC6-3CB3-4847-860D-86EFB6FDF477}.AppStore|x64.Deploy.0 = Release|x64
		{1750ABC6-3CB3-4847-860D-86EFB6FDF477}.AppStore|x86.ActiveCfg = Release|x86
		{1750ABC6-3CB3-4847-860D-86EFB6FDF477}.AppStore|x86.Build.0 = Release|x86
		{1750ABC6-3CB3-4847-860D-86EFB6FDF477}.AppStore|x86.Deploy.0 = Release|x86
		{1750ABC6-3CB3-4847-860D-86EFB6FDF477}.Debug|Any CPU.ActiveCfg = Debug|x86
		{1750ABC6-3CB3-4847-860D-86EFB6FDF477}.Debug|ARM.ActiveCfg = Debug|ARM
		{1750ABC6-3CB3-4847-860D-86EFB6FDF477}.Debug|ARM.Build.0 = Debug|ARM
		{1750ABC6-3CB3-4847-860D-86EFB6FDF477}.Debug|ARM.Deploy.0 = Debug|ARM
		{1750ABC6-3CB3-4847-860D-86EFB6FDF477}.Debug|iPhone.ActiveCfg = Debug|x86
		{1750ABC6-3CB3-4847-860D-86EFB6FDF477}.Debug|iPhoneSimulator.ActiveCfg = Debug|x86
		{1750ABC6-3CB3-4847-860D-86EFB6FDF477}.Debug|x64.ActiveCfg = Debug|x64
		{1750ABC6-3CB3-4847-860D-86EFB6FDF477}.Debug|x64.Build.0 = Debug|x64
		{1750ABC6-3CB3-4847-860D-86EFB6FDF477}.Debug|x64.Deploy.0 = Debug|x64
		{1750ABC6-3CB3-4847-860D-86EFB6FDF477}.Debug|x86.ActiveCfg = Debug|x86
		{1750ABC6-3CB3-4847-860D-86EFB6FDF477}.Debug|x86.Build.0 = Debug|x86
		{1750ABC6-3CB3-4847-860D-86EFB6FDF477}.Debug|x86.Deploy.0 = Debug|x86
		{1750ABC6-3CB3-4847-860D-86EFB6FDF477}.Release|Any CPU.ActiveCfg = Release|x86
		{1750ABC6-3CB3-4847-860D-86EFB6FDF477}.Release|ARM.ActiveCfg = Release|ARM
		{1750ABC6-3CB3-4847-860D-86EFB6FDF477}.Release|ARM.Build.0 = Release|ARM
		{1750ABC6-3CB3-4847-860D-86EFB6FDF477}.Release|ARM.Deploy.0 = Release|ARM
		{1750ABC6-3CB3-4847-860D-86EFB6FDF477}.Release|iPhone.ActiveCfg = Release|x86
		{1750ABC6-3CB3-4847-860D-86EFB6FDF477}.Release|iPhoneSimulator.ActiveCfg = Release|x86
		{1750ABC6-3CB3-4847-860D-86EFB6FDF477}.Release|x64.ActiveCfg = Release|x64
		{1750ABC6-3CB3-4847-860D-86EFB6FDF477}.Release|x64.Build.0 = Release|x64
		{1750ABC6-3CB3-4847-860D-86EFB6FDF477}.Release|x64.Deploy.0 = Release|x64
		{1750ABC6-3CB3-4847-860D-86EFB6FDF477}.Release|x86.ActiveCfg = Release|x86
		{1750ABC6-3CB3-4847-860D-86EFB6FDF477}.Release|x86.Build.0 = Release|x86
		{1750ABC6-3CB3-4847-860D-86EFB6FDF477}.Release|x86.Deploy.0 = Release|x86
		{AB3A356A-87EC-4FD5-8719-16679E7BFCF9}.Ad-Hoc|Any CPU.ActiveCfg = Ad-Hoc|iPhoneSimulator
		{AB3A356A-87EC-4FD5-8719-16679E7BFCF9}.Ad-Hoc|ARM.ActiveCfg = Ad-Hoc|iPhone
		{AB3A356A-87EC-4FD5-8719-16679E7BFCF9}.Ad-Hoc|iPhone.ActiveCfg = Ad-Hoc|iPhone
		{AB3A356A-87EC-4FD5-8719-16679E7BFCF9}.Ad-Hoc|iPhone.Build.0 = Ad-Hoc|iPhone
		{AB3A356A-87EC-4FD5-8719-16679E7BFCF9}.Ad-Hoc|iPhoneSimulator.ActiveCfg = Ad-Hoc|iPhoneSimulator
		{AB3A356A-87EC-4FD5-8719-16679E7BFCF9}.Ad-Hoc|iPhoneSimulator.Build.0 = Ad-Hoc|iPhoneSimulator
		{AB3A356A-87EC-4FD5-8719-16679E7BFCF9}.Ad-Hoc|x64.ActiveCfg = Ad-Hoc|iPhone
		{AB3A356A-87EC-4FD5-8719-16679E7BFCF9}.Ad-Hoc|x86.ActiveCfg = Ad-Hoc|iPhone
		{AB3A356A-87EC-4FD5-8719-16679E7BFCF9}.AppStore|Any CPU.ActiveCfg = AppStore|iPhoneSimulator
		{AB3A356A-87EC-4FD5-8719-16679E7BFCF9}.AppStore|ARM.ActiveCfg = AppStore|iPhone
		{AB3A356A-87EC-4FD5-8719-16679E7BFCF9}.AppStore|iPhone.ActiveCfg = AppStore|iPhone
		{AB3A356A-87EC-4FD5-8719-16679E7BFCF9}.AppStore|iPhone.Build.0 = AppStore|iPhone
		{AB3A356A-87EC-4FD5-8719-16679E7BFCF9}.AppStore|iPhoneSimulator.ActiveCfg = AppStore|iPhoneSimulator
		{AB3A356A-87EC-4FD5-8719-16679E7BFCF9}.AppStore|iPhoneSimulator.Build.0 = AppStore|iPhoneSimulator
		{AB3A356A-87EC-4FD5-8719-16679E7BFCF9}.AppStore|x64.ActiveCfg = AppStore|iPhone
		{AB3A356A-87EC-4FD5-8719-16679E7BFCF9}.AppStore|x86.ActiveCfg = AppStore|iPhone
		{AB3A356A-87EC-4FD5-8719-16679E7BFCF9}.Debug|Any CPU.ActiveCfg = Debug|iPhoneSimulator
		{AB3A356A-87EC-4FD5-8719-16679E7BFCF9}.Debug|ARM.ActiveCfg = Debug|iPhone
		{AB3A356A-87EC-4FD5-8719-16679E7BFCF9}.Debug|iPhone.ActiveCfg = Debug|iPhone
		{AB3A356A-87EC-4FD5-8719-16679E7BFCF9}.Debug|iPhone.Build.0 = Debug|iPhone
		{AB3A356A-87EC-4FD5-8719-16679E7BFCF9}.Debug|iPhoneSimulator.ActiveCfg = Debug|iPhoneSimulator
		{AB3A356A-87EC-4FD5-8719-16679E7BFCF9}.Debug|iPhoneSimulator.Build.0 = Debug|iPhoneSimulator
		{AB3A356A-87EC-4FD5-8719-16679E7BFCF9}.Debug|x64.ActiveCfg = Debug|iPhone
		{AB3A356A-87EC-4FD5-8719-16679E7BFCF9}.Debug|x86.ActiveCfg = Debug|iPhone
		{AB3A356A-87EC-4FD5-8719-16679E7BFCF9}.Release|Any CPU.ActiveCfg = Release|iPhoneSimulator
		{AB3A356A-87EC-4FD5-8719-16679E7BFCF9}.Release|ARM.ActiveCfg = Release|iPhone
		{AB3A356A-87EC-4FD5-8719-16679E7BFCF9}.Release|iPhone.ActiveCfg = Release|iPhone
		{AB3A356A-87EC-4FD5-8719-16679E7BFCF9}.Release|iPhone.Build.0 = Release|iPhone
		{AB3A356A-87EC-4FD5-8719-16679E7BFCF9}.Release|iPhoneSimulator.ActiveCfg = Release|iPhoneSimulator
		{AB3A356A-87EC-4FD5-8719-16679E7BFCF9}.Release|iPhoneSimulator.Build.0 = Release|iPhoneSimulator
		{AB3A356A-87EC-4FD5-8719-16679E7BFCF9}.Release|x64.ActiveCfg = Release|iPhone
		{AB3A356A-87EC-4FD5-8719-16679E7BFCF9}.Release|x86.ActiveCfg = Release|iPhone
	EndGlobalSection
	GlobalSection(SolutionProperties) = preSolution
		HideSolutionNode = FALSE
	EndGlobalSection
EndGlobal
